
Microsoft Visual Studio Solution File, Format Version 12.00
# Visual Studio Version 17
VisualStudioVersion = 17.3.32825.248
MinimumVisualStudioVersion = 10.0.40219.1
Project("{FAE04EC0-301F-11D3-BF4B-00C04F79EFBC}") = "MatchGame", "MatchGame\MatchGame.csproj", "{F153A1BA-D1FE-4E01-A8C3-A6F3973A8C4F}"
EndProject
Global
	GlobalSection(SolutionConfigurationPlatforms) = preSolution
		Debug|Any CPU = Debug|Any CPU
		Release|Any CPU = Release|Any CPU
	EndGlobalSection
	GlobalSection(ProjectConfigurationPlatforms) = postSolution
		{F153A1BA-D1FE-4E01-A8C3-A6F3973A8C4F}.Debug|Any CPU.ActiveCfg = Debug|Any CPU
		{F153A1BA-D1FE-4E01-A8C3-A6F3973A8C4F}.Debug|Any CPU.Build.0 = Debug|Any CPU
		{F153A1BA-D1FE-4E01-A8C3-A6F3973A8C4F}.Release|Any CPU.ActiveCfg = Release|Any CPU
		{F153A1BA-D1FE-4E01-A8C3-A6F3973A8C4F}.Release|Any CPU.Build.0 = Release|Any CPU
	EndGlobalSection
	GlobalSection(SolutionProperties) = preSolution
		HideSolutionNode = FALSE
	EndGlobalSection
	GlobalSection(ExtensibilityGlobals) = postSolution
		SolutionGuid = {27BB8D62-9165-4B13-B643-0AEBBE1E50B6}
	EndGlobalSection
EndGlobal
